{
  "name": "common",
  "version": "1.2.1",
  "lockfileVersion": 3,
  "requires": true,
  "packages": {
    "": {
      "name": "common",
      "version": "1.2.1",
      "license": "ISC",
      "dependencies": {
        "zod": "^4.1.7"
      }
    },
    "node_modules/zod": {
      "version": "4.1.7",
      "resolved": "https://registry.npmjs.org/zod/-/zod-4.1.7.tgz",
      "integrity": "sha512-6qi6UYyzAl7W9uV29KvcSFXqK4QCYNYUz2YASPNBWpJE1RY6R1nArmmFPgGY/CBYWzpeMw3EOER+DR9a05O4IA==",
      "license": "MIT",
      "funding": {
        "url": "https://github.com/sponsors/colinhacks"
      }
    }
  }
}
